
Microsoft Visual Studio Solution File, Format Version 12.00
# Visual Studio 15
VisualStudioVersion = 15.0.27428.2043
MinimumVisualStudioVersion = 10.0.40219.1
Project("{FAE04EC0-301F-11D3-BF4B-00C04F79EFBC}") = "AppDesktop", "AppDesktop\AppDesktop.csproj", "{D4AE3953-1DE9-4E2A-AAB6-014CC6A37E29}"
EndProject
Project("{FAE04EC0-301F-11D3-BF4B-00C04F79EFBC}") = "Datos_Org", "Datos_Org\Datos_Org.csproj", "{B5131367-BDD8-4D3B-989D-C0BCB3948B1F}"
EndProject
Project("{FAE04EC0-301F-11D3-BF4B-00C04F79EFBC}") = "PROYECTO_WEB", "..\..\..\Documents\MEGA\UTM\3ER CUATRIMESTRE\PROYECTOINTEGRADOR\PROYECTO_FINAAL\IntegratorProject3ero\PROYECTO_WEB\PROYECTO_WEB.csproj", "{C55BDA25-4121-4129-A1C8-B309EE5E89B6}"
EndProject
Project("{FAE04EC0-301F-11D3-BF4B-00C04F79EFBC}") = "CinexcesoWeb", "CinexcesoWeb\CinexcesoWeb.csproj", "{D1ED91C9-023B-4EB9-9FCD-7555859C6740}"
EndProject
Global
	GlobalSection(SolutionConfigurationPlatforms) = preSolution
		Debug|Any CPU = Debug|Any CPU
		Release|Any CPU = Release|Any CPU
	EndGlobalSection
	GlobalSection(ProjectConfigurationPlatforms) = postSolution
		{D4AE3953-1DE9-4E2A-AAB6-014CC6A37E29}.Debug|Any CPU.ActiveCfg = Debug|Any CPU
		{D4AE3953-1DE9-4E2A-AAB6-014CC6A37E29}.Debug|Any CPU.Build.0 = Debug|Any CPU
		{D4AE3953-1DE9-4E2A-AAB6-014CC6A37E29}.Release|Any CPU.ActiveCfg = Release|Any CPU
		{D4AE3953-1DE9-4E2A-AAB6-014CC6A37E29}.Release|Any CPU.Build.0 = Release|Any CPU
		{B5131367-BDD8-4D3B-989D-C0BCB3948B1F}.Debug|Any CPU.ActiveCfg = Debug|Any CPU
		{B5131367-BDD8-4D3B-989D-C0BCB3948B1F}.Debug|Any CPU.Build.0 = Debug|Any CPU
		{B5131367-BDD8-4D3B-989D-C0BCB3948B1F}.Release|Any CPU.ActiveCfg = Release|Any CPU
		{B5131367-BDD8-4D3B-989D-C0BCB3948B1F}.Release|Any CPU.Build.0 = Release|Any CPU
		{C55BDA25-4121-4129-A1C8-B309EE5E89B6}.Debug|Any CPU.ActiveCfg = Debug|Any CPU
		{C55BDA25-4121-4129-A1C8-B309EE5E89B6}.Debug|Any CPU.Build.0 = Debug|Any CPU
		{C55BDA25-4121-4129-A1C8-B309EE5E89B6}.Release|Any CPU.ActiveCfg = Release|Any CPU
		{C55BDA25-4121-4129-A1C8-B309EE5E89B6}.Release|Any CPU.Build.0 = Release|Any CPU
		{D1ED91C9-023B-4EB9-9FCD-7555859C6740}.Debug|Any CPU.ActiveCfg = Debug|Any CPU
		{D1ED91C9-023B-4EB9-9FCD-7555859C6740}.Debug|Any CPU.Build.0 = Debug|Any CPU
		{D1ED91C9-023B-4EB9-9FCD-7555859C6740}.Release|Any CPU.ActiveCfg = Release|Any CPU
		{D1ED91C9-023B-4EB9-9FCD-7555859C6740}.Release|Any CPU.Build.0 = Release|Any CPU
	EndGlobalSection
	GlobalSection(SolutionProperties) = preSolution
		HideSolutionNode = FALSE
	EndGlobalSection
	GlobalSection(ExtensibilityGlobals) = postSolution
		SolutionGuid = {D790ED7A-BF47-49BC-B5FB-B12B4F41A5BF}
	EndGlobalSection
EndGlobal
